{
  "object": {
    "pins": [
      {
        "package": "Refresh",
        "repositoryURL": "https://github.com/wxxsw/Refresh",
        "state": {
          "branch": "master",
          "revision": "4693c1d8385a5478cd78347a8cc7b1572ff27827",
          "version": null
        }
      }
    ]
  },
  "version": 1
}
